
Microsoft Visual Studio Solution File, Format Version 12.00
# Visual Studio Version 16
VisualStudioVersion = 25.0.1706.4
MinimumVisualStudioVersion = 10.0.40219.1
Project("{FAE04EC0-301F-11D3-BF4B-00C04F79EFBC}") = "Entities", "Entities.csproj", "{6DEB7C50-7744-4A6C-9FEA-90E497612BDD}"
EndProject
Project("{FAE04EC0-301F-11D3-BF4B-00C04F79EFBC}") = "Core", "..\Core\Core.csproj", "{9B0B7CA2-EE49-43DC-AECE-EB39D2EBE9AF}"
EndProject
Project("{FAE04EC0-301F-11D3-BF4B-00C04F79EFBC}") = "DataAccess", "..\DataAccess\DataAccess.csproj", "{DB74F605-6296-4BCD-A216-63290524ADA8}"
EndProject
Global
	GlobalSection(SolutionConfigurationPlatforms) = preSolution
		Debug|Any CPU = Debug|Any CPU
		Release|Any CPU = Release|Any CPU
	EndGlobalSection
	GlobalSection(ProjectConfigurationPlatforms) = postSolution
		{6DEB7C50-7744-4A6C-9FEA-90E497612BDD}.Debug|Any CPU.ActiveCfg = Debug|Any CPU
		{6DEB7C50-7744-4A6C-9FEA-90E497612BDD}.Debug|Any CPU.Build.0 = Debug|Any CPU
		{6DEB7C50-7744-4A6C-9FEA-90E497612BDD}.Release|Any CPU.ActiveCfg = Release|Any CPU
		{6DEB7C50-7744-4A6C-9FEA-90E497612BDD}.Release|Any CPU.Build.0 = Release|Any CPU
		{9B0B7CA2-EE49-43DC-AECE-EB39D2EBE9AF}.Debug|Any CPU.ActiveCfg = Debug|Any CPU
		{9B0B7CA2-EE49-43DC-AECE-EB39D2EBE9AF}.Debug|Any CPU.Build.0 = Debug|Any CPU
		{9B0B7CA2-EE49-43DC-AECE-EB39D2EBE9AF}.Release|Any CPU.ActiveCfg = Release|Any CPU
		{9B0B7CA2-EE49-43DC-AECE-EB39D2EBE9AF}.Release|Any CPU.Build.0 = Release|Any CPU
		{DB74F605-6296-4BCD-A216-63290524ADA8}.Debug|Any CPU.ActiveCfg = Debug|Any CPU
		{DB74F605-6296-4BCD-A216-63290524ADA8}.Debug|Any CPU.Build.0 = Debug|Any CPU
		{DB74F605-6296-4BCD-A216-63290524ADA8}.Release|Any CPU.ActiveCfg = Release|Any CPU
		{DB74F605-6296-4BCD-A216-63290524ADA8}.Release|Any CPU.Build.0 = Release|Any CPU
	EndGlobalSection
	GlobalSection(SolutionProperties) = preSolution
		HideSolutionNode = FALSE
	EndGlobalSection
	GlobalSection(ExtensibilityGlobals) = postSolution
		SolutionGuid = {B7CF683D-B184-4016-8778-80FA53883473}
	EndGlobalSection
EndGlobal
